
Microsoft Visual Studio Solution File, Format Version 12.00
# Visual Studio 2012
Project("{FAE04EC0-301F-11D3-BF4B-00C04F79EFBC}") = "CS-PropPainter", "CS-PropPainter\CS-PropPainter.csproj", "{87389A03-6642-46CC-81CB-3C9721F0C6EA}"
EndProject
Global
	GlobalSection(SolutionConfigurationPlatforms) = preSolution
		Debug|Any CPU = Debug|Any CPU
		Release|Any CPU = Release|Any CPU
	EndGlobalSection
	GlobalSection(ProjectConfigurationPlatforms) = postSolution
		{87389A03-6642-46CC-81CB-3C9721F0C6EA}.Debug|Any CPU.ActiveCfg = Debug|Any CPU
		{87389A03-6642-46CC-81CB-3C9721F0C6EA}.Debug|Any CPU.Build.0 = Debug|Any CPU
		{87389A03-6642-46CC-81CB-3C9721F0C6EA}.Release|Any CPU.ActiveCfg = Release|Any CPU
		{87389A03-6642-46CC-81CB-3C9721F0C6EA}.Release|Any CPU.Build.0 = Release|Any CPU
	EndGlobalSection
EndGlobal
